
Microsoft Visual Studio Solution File, Format Version 12.00
# Visual Studio Version 17
VisualStudioVersion = 17.14.36202.13
MinimumVisualStudioVersion = 10.0.40219.1
Project("{FAE04EC0-301F-11D3-BF4B-00C04F79EFBC}") = "delegates", "delegates\delegates.csproj", "{1236F0D1-EC67-4160-BA81-B412B8459F40}"
EndProject
Project("{FAE04EC0-301F-11D3-BF4B-00C04F79EFBC}") = "CarDelegate", "CarDelegate\CarDelegate.csproj", "{EB0AF56C-C6FF-4487-BF7D-D5208BC615A9}"
EndProject
Project("{FAE04EC0-301F-11D3-BF4B-00C04F79EFBC}") = "GenericDelegate", "GenericDelegate\GenericDelegate.csproj", "{8405FD32-4781-40F6-86CB-28C0BB9AAE4C}"
EndProject
Project("{FAE04EC0-301F-11D3-BF4B-00C04F79EFBC}") = "CarEvents", "CarEvents\CarEvents.csproj", "{8436FADD-D223-4762-99F8-7C2371F22B2F}"
EndProject
Global
	GlobalSection(SolutionConfigurationPlatforms) = preSolution
		Debug|Any CPU = Debug|Any CPU
		Release|Any CPU = Release|Any CPU
	EndGlobalSection
	GlobalSection(ProjectConfigurationPlatforms) = postSolution
		{1236F0D1-EC67-4160-BA81-B412B8459F40}.Debug|Any CPU.ActiveCfg = Debug|Any CPU
		{1236F0D1-EC67-4160-BA81-B412B8459F40}.Debug|Any CPU.Build.0 = Debug|Any CPU
		{1236F0D1-EC67-4160-BA81-B412B8459F40}.Release|Any CPU.ActiveCfg = Release|Any CPU
		{1236F0D1-EC67-4160-BA81-B412B8459F40}.Release|Any CPU.Build.0 = Release|Any CPU
		{EB0AF56C-C6FF-4487-BF7D-D5208BC615A9}.Debug|Any CPU.ActiveCfg = Debug|Any CPU
		{EB0AF56C-C6FF-4487-BF7D-D5208BC615A9}.Debug|Any CPU.Build.0 = Debug|Any CPU
		{EB0AF56C-C6FF-4487-BF7D-D5208BC615A9}.Release|Any CPU.ActiveCfg = Release|Any CPU
		{EB0AF56C-C6FF-4487-BF7D-D5208BC615A9}.Release|Any CPU.Build.0 = Release|Any CPU
		{8405FD32-4781-40F6-86CB-28C0BB9AAE4C}.Debug|Any CPU.ActiveCfg = Debug|Any CPU
		{8405FD32-4781-40F6-86CB-28C0BB9AAE4C}.Debug|Any CPU.Build.0 = Debug|Any CPU
		{8405FD32-4781-40F6-86CB-28C0BB9AAE4C}.Release|Any CPU.ActiveCfg = Release|Any CPU
		{8405FD32-4781-40F6-86CB-28C0BB9AAE4C}.Release|Any CPU.Build.0 = Release|Any CPU
		{8436FADD-D223-4762-99F8-7C2371F22B2F}.Debug|Any CPU.ActiveCfg = Debug|Any CPU
		{8436FADD-D223-4762-99F8-7C2371F22B2F}.Debug|Any CPU.Build.0 = Debug|Any CPU
		{8436FADD-D223-4762-99F8-7C2371F22B2F}.Release|Any CPU.ActiveCfg = Release|Any CPU
		{8436FADD-D223-4762-99F8-7C2371F22B2F}.Release|Any CPU.Build.0 = Release|Any CPU
	EndGlobalSection
	GlobalSection(SolutionProperties) = preSolution
		HideSolutionNode = FALSE
	EndGlobalSection
	GlobalSection(ExtensibilityGlobals) = postSolution
		SolutionGuid = {723DD010-927E-42EA-AE16-23CABD17BE4C}
	EndGlobalSection
EndGlobal
